{
  "name": "lambda-insultbot",
  "version": "1.21.0",
  "lockfileVersion": 3,
  "requires": true,
  "packages": {
    "": {
      "name": "lambda-insultbot",
      "version": "1.21.0",
      "dependencies": {
        "shakespeare-insult": "1.0.0"
      }
    },
    "node_modules/shakespeare-insult": {
      "version": "1.0.0",
      "resolved": "https://registry.npmjs.org/shakespeare-insult/-/shakespeare-insult-1.0.0.tgz",
      "integrity": "sha512-M+m8N970HbMISQkHBuG+myAMnt4TzJT1J1G0tRFKDSY+pS3sTjuUzuZcHA27OeZJ1DfEManrcp1Y3DKuky1umA==",
      "bin": {
        "insult": "bin/insult"
      },
      "engines": {
        "node": "*"
      }
    }
  }
}
